
Microsoft Visual Studio Solution File, Format Version 12.00
# Visual Studio Version 17
VisualStudioVersion = 17.3.32922.545
MinimumVisualStudioVersion = 10.0.40219.1
Project("{FAE04EC0-301F-11D3-BF4B-00C04F79EFBC}") = "01.DayOfWeek", "01.DayOfWeek\01.DayOfWeek.csproj", "{9729A84D-9704-4715-ABCF-4663957B5A7E}"
EndProject
Project("{FAE04EC0-301F-11D3-BF4B-00C04F79EFBC}") = "02.WeekendOrWorkingDay", "02.WeekendOrWorkingDay\02.WeekendOrWorkingDay.csproj", "{24854397-D601-4BC2-9334-581504A5D407}"
EndProject
Project("{FAE04EC0-301F-11D3-BF4B-00C04F79EFBC}") = "04.PersonalTitles", "04.PersonalTitles\04.PersonalTitles.csproj", "{FA29D456-3D0D-43AA-BA41-F1867556CE69}"
EndProject
Project("{FAE04EC0-301F-11D3-BF4B-00C04F79EFBC}") = "05.SmallShop", "05.SmallShop\05.SmallShop.csproj", "{E8969723-DE15-4C73-ACBB-DD14761C6E90}"
EndProject
Project("{FAE04EC0-301F-11D3-BF4B-00C04F79EFBC}") = "06.NumberInRange", "06.NumberInRange\06.NumberInRange.csproj", "{EA50EEDB-4B63-4B82-A303-CF7628E5B7A6}"
EndProject
Project("{FAE04EC0-301F-11D3-BF4B-00C04F79EFBC}") = "08.CinemaTicket", "08.CinemaTicket\08.CinemaTicket.csproj", "{6EF6353A-A9D8-4244-8F6C-08EBF593AD13}"
EndProject
Project("{FAE04EC0-301F-11D3-BF4B-00C04F79EFBC}") = "10.InvalidNumber", "10.InvalidNumber\10.InvalidNumber.csproj", "{BB1E6C72-8079-490D-AC91-6ABFF9A9FD12}"
EndProject
Project("{FAE04EC0-301F-11D3-BF4B-00C04F79EFBC}") = "11.FruitShop", "11.FruitShop\11.FruitShop.csproj", "{FCC5DCEF-3D99-45BD-853C-A47AD761D80E}"
EndProject
Global
	GlobalSection(SolutionConfigurationPlatforms) = preSolution
		Debug|Any CPU = Debug|Any CPU
		Release|Any CPU = Release|Any CPU
	EndGlobalSection
	GlobalSection(ProjectConfigurationPlatforms) = postSolution
		{9729A84D-9704-4715-ABCF-4663957B5A7E}.Debug|Any CPU.ActiveCfg = Debug|Any CPU
		{9729A84D-9704-4715-ABCF-4663957B5A7E}.Debug|Any CPU.Build.0 = Debug|Any CPU
		{9729A84D-9704-4715-ABCF-4663957B5A7E}.Release|Any CPU.ActiveCfg = Release|Any CPU
		{9729A84D-9704-4715-ABCF-4663957B5A7E}.Release|Any CPU.Build.0 = Release|Any CPU
		{24854397-D601-4BC2-9334-581504A5D407}.Debug|Any CPU.ActiveCfg = Debug|Any CPU
		{24854397-D601-4BC2-9334-581504A5D407}.Debug|Any CPU.Build.0 = Debug|Any CPU
		{24854397-D601-4BC2-9334-581504A5D407}.Release|Any CPU.ActiveCfg = Release|Any CPU
		{24854397-D601-4BC2-9334-581504A5D407}.Release|Any CPU.Build.0 = Release|Any CPU
		{FA29D456-3D0D-43AA-BA41-F1867556CE69}.Debug|Any CPU.ActiveCfg = Debug|Any CPU
		{FA29D456-3D0D-43AA-BA41-F1867556CE69}.Debug|Any CPU.Build.0 = Debug|Any CPU
		{FA29D456-3D0D-43AA-BA41-F1867556CE69}.Release|Any CPU.ActiveCfg = Release|Any CPU
		{FA29D456-3D0D-43AA-BA41-F1867556CE69}.Release|Any CPU.Build.0 = Release|Any CPU
		{E8969723-DE15-4C73-ACBB-DD14761C6E90}.Debug|Any CPU.ActiveCfg = Debug|Any CPU
		{E8969723-DE15-4C73-ACBB-DD14761C6E90}.Debug|Any CPU.Build.0 = Debug|Any CPU
		{E8969723-DE15-4C73-ACBB-DD14761C6E90}.Release|Any CPU.ActiveCfg = Release|Any CPU
		{E8969723-DE15-4C73-ACBB-DD14761C6E90}.Release|Any CPU.Build.0 = Release|Any CPU
		{EA50EEDB-4B63-4B82-A303-CF7628E5B7A6}.Debug|Any CPU.ActiveCfg = Debug|Any CPU
		{EA50EEDB-4B63-4B82-A303-CF7628E5B7A6}.Debug|Any CPU.Build.0 = Debug|Any CPU
		{EA50EEDB-4B63-4B82-A303-CF7628E5B7A6}.Release|Any CPU.ActiveCfg = Release|Any CPU
		{EA50EEDB-4B63-4B82-A303-CF7628E5B7A6}.Release|Any CPU.Build.0 = Release|Any CPU
		{6EF6353A-A9D8-4244-8F6C-08EBF593AD13}.Debug|Any CPU.ActiveCfg = Debug|Any CPU
		{6EF6353A-A9D8-4244-8F6C-08EBF593AD13}.Debug|Any CPU.Build.0 = Debug|Any CPU
		{6EF6353A-A9D8-4244-8F6C-08EBF593AD13}.Release|Any CPU.ActiveCfg = Release|Any CPU
		{6EF6353A-A9D8-4244-8F6C-08EBF593AD13}.Release|Any CPU.Build.0 = Release|Any CPU
		{BB1E6C72-8079-490D-AC91-6ABFF9A9FD12}.Debug|Any CPU.ActiveCfg = Debug|Any CPU
		{BB1E6C72-8079-490D-AC91-6ABFF9A9FD12}.Debug|Any CPU.Build.0 = Debug|Any CPU
		{BB1E6C72-8079-490D-AC91-6ABFF9A9FD12}.Release|Any CPU.ActiveCfg = Release|Any CPU
		{BB1E6C72-8079-490D-AC91-6ABFF9A9FD12}.Release|Any CPU.Build.0 = Release|Any CPU
		{FCC5DCEF-3D99-45BD-853C-A47AD761D80E}.Debug|Any CPU.ActiveCfg = Debug|Any CPU
		{FCC5DCEF-3D99-45BD-853C-A47AD761D80E}.Debug|Any CPU.Build.0 = Debug|Any CPU
		{FCC5DCEF-3D99-45BD-853C-A47AD761D80E}.Release|Any CPU.ActiveCfg = Release|Any CPU
		{FCC5DCEF-3D99-45BD-853C-A47AD761D80E}.Release|Any CPU.Build.0 = Release|Any CPU
	EndGlobalSection
	GlobalSection(SolutionProperties) = preSolution
		HideSolutionNode = FALSE
	EndGlobalSection
	GlobalSection(ExtensibilityGlobals) = postSolution
		SolutionGuid = {B462C459-3B8B-4399-95F0-D04AE8A0E348}
	EndGlobalSection
EndGlobal
