
Microsoft Visual Studio Solution File, Format Version 12.00
# Visual Studio Version 17
VisualStudioVersion = 17.3.32901.215
MinimumVisualStudioVersion = 10.0.40219.1
Project("{FAE04EC0-301F-11D3-BF4B-00C04F79EFBC}") = "P01.CurrencyConvertor", "P01.CurrencyConvertor\P01.CurrencyConvertor.csproj", "{C5F7CA93-0508-4C1A-88ED-78C27CDC14A4}"
EndProject
Project("{FAE04EC0-301F-11D3-BF4B-00C04F79EFBC}") = "P03.DepositCalculator", "P03.DepositCalculator\P03.DepositCalculator.csproj", "{11253CAB-423E-49A8-8692-0F6EEA4B79EA}"
EndProject
Project("{FAE04EC0-301F-11D3-BF4B-00C04F79EFBC}") = "P05.VacationsBookList", "P05.VacationsBookList\P05.VacationsBookList.csproj", "{F671C030-EE41-4C89-9848-C25B17DA34E6}"
EndProject
Project("{FAE04EC0-301F-11D3-BF4B-00C04F79EFBC}") = "P09.Aquarium", "P09.Aquarium\P09.Aquarium.csproj", "{569AB6BC-4E53-438F-A374-382BFF50BCE6}"
EndProject
Project("{FAE04EC0-301F-11D3-BF4B-00C04F79EFBC}") = "ConsoleApp1", "ConsoleApp1\ConsoleApp1.csproj", "{6C9B116E-C046-471C-8B74-F0D3E87C0151}"
EndProject
Global
	GlobalSection(SolutionConfigurationPlatforms) = preSolution
		Debug|Any CPU = Debug|Any CPU
		Release|Any CPU = Release|Any CPU
	EndGlobalSection
	GlobalSection(ProjectConfigurationPlatforms) = postSolution
		{C5F7CA93-0508-4C1A-88ED-78C27CDC14A4}.Debug|Any CPU.ActiveCfg = Debug|Any CPU
		{C5F7CA93-0508-4C1A-88ED-78C27CDC14A4}.Debug|Any CPU.Build.0 = Debug|Any CPU
		{C5F7CA93-0508-4C1A-88ED-78C27CDC14A4}.Release|Any CPU.ActiveCfg = Release|Any CPU
		{C5F7CA93-0508-4C1A-88ED-78C27CDC14A4}.Release|Any CPU.Build.0 = Release|Any CPU
		{11253CAB-423E-49A8-8692-0F6EEA4B79EA}.Debug|Any CPU.ActiveCfg = Debug|Any CPU
		{11253CAB-423E-49A8-8692-0F6EEA4B79EA}.Debug|Any CPU.Build.0 = Debug|Any CPU
		{11253CAB-423E-49A8-8692-0F6EEA4B79EA}.Release|Any CPU.ActiveCfg = Release|Any CPU
		{11253CAB-423E-49A8-8692-0F6EEA4B79EA}.Release|Any CPU.Build.0 = Release|Any CPU
		{F671C030-EE41-4C89-9848-C25B17DA34E6}.Debug|Any CPU.ActiveCfg = Debug|Any CPU
		{F671C030-EE41-4C89-9848-C25B17DA34E6}.Debug|Any CPU.Build.0 = Debug|Any CPU
		{F671C030-EE41-4C89-9848-C25B17DA34E6}.Release|Any CPU.ActiveCfg = Release|Any CPU
		{F671C030-EE41-4C89-9848-C25B17DA34E6}.Release|Any CPU.Build.0 = Release|Any CPU
		{569AB6BC-4E53-438F-A374-382BFF50BCE6}.Debug|Any CPU.ActiveCfg = Debug|Any CPU
		{569AB6BC-4E53-438F-A374-382BFF50BCE6}.Debug|Any CPU.Build.0 = Debug|Any CPU
		{569AB6BC-4E53-438F-A374-382BFF50BCE6}.Release|Any CPU.ActiveCfg = Release|Any CPU
		{569AB6BC-4E53-438F-A374-382BFF50BCE6}.Release|Any CPU.Build.0 = Release|Any CPU
		{6C9B116E-C046-471C-8B74-F0D3E87C0151}.Debug|Any CPU.ActiveCfg = Debug|Any CPU
		{6C9B116E-C046-471C-8B74-F0D3E87C0151}.Debug|Any CPU.Build.0 = Debug|Any CPU
		{6C9B116E-C046-471C-8B74-F0D3E87C0151}.Release|Any CPU.ActiveCfg = Release|Any CPU
		{6C9B116E-C046-471C-8B74-F0D3E87C0151}.Release|Any CPU.Build.0 = Release|Any CPU
	EndGlobalSection
	GlobalSection(SolutionProperties) = preSolution
		HideSolutionNode = FALSE
	EndGlobalSection
	GlobalSection(ExtensibilityGlobals) = postSolution
		SolutionGuid = {9BEDE4AF-5C3D-4EE9-B8B9-E6704A8F7B3C}
	EndGlobalSection
EndGlobal
