
Microsoft Visual Studio Solution File, Format Version 12.00
# Visual Studio Version 17
VisualStudioVersion = 17.3.32901.215
MinimumVisualStudioVersion = 10.0.40219.1
Project("{9A19103F-16F7-4668-BE54-9A1E7A4F7556}") = "P01.OldBooks", "P01.OldBooks\P01.OldBooks.csproj", "{354C696B-14F6-40AF-82FB-B5FA21B62ACF}"
EndProject
Project("{9A19103F-16F7-4668-BE54-9A1E7A4F7556}") = "P03.Vacation", "P03.Vacation\P03.Vacation.csproj", "{955F2621-2310-401D-8876-CBC1706BFE96}"
EndProject
Project("{9A19103F-16F7-4668-BE54-9A1E7A4F7556}") = "P06.Cake", "P06.Cake\P06.Cake.csproj", "{236CDEFD-11A0-4DE2-8DF2-658185BD714F}"
EndProject
Project("{FAE04EC0-301F-11D3-BF4B-00C04F79EFBC}") = "P04.Walking", "P04.Walking\P04.Walking.csproj", "{99A8C902-0B63-4952-BEFF-AFF5811C4641}"
EndProject
Global
	GlobalSection(SolutionConfigurationPlatforms) = preSolution
		Debug|Any CPU = Debug|Any CPU
		Release|Any CPU = Release|Any CPU
	EndGlobalSection
	GlobalSection(ProjectConfigurationPlatforms) = postSolution
		{354C696B-14F6-40AF-82FB-B5FA21B62ACF}.Debug|Any CPU.ActiveCfg = Debug|Any CPU
		{354C696B-14F6-40AF-82FB-B5FA21B62ACF}.Debug|Any CPU.Build.0 = Debug|Any CPU
		{354C696B-14F6-40AF-82FB-B5FA21B62ACF}.Release|Any CPU.ActiveCfg = Release|Any CPU
		{354C696B-14F6-40AF-82FB-B5FA21B62ACF}.Release|Any CPU.Build.0 = Release|Any CPU
		{955F2621-2310-401D-8876-CBC1706BFE96}.Debug|Any CPU.ActiveCfg = Debug|Any CPU
		{955F2621-2310-401D-8876-CBC1706BFE96}.Debug|Any CPU.Build.0 = Debug|Any CPU
		{955F2621-2310-401D-8876-CBC1706BFE96}.Release|Any CPU.ActiveCfg = Release|Any CPU
		{955F2621-2310-401D-8876-CBC1706BFE96}.Release|Any CPU.Build.0 = Release|Any CPU
		{236CDEFD-11A0-4DE2-8DF2-658185BD714F}.Debug|Any CPU.ActiveCfg = Debug|Any CPU
		{236CDEFD-11A0-4DE2-8DF2-658185BD714F}.Debug|Any CPU.Build.0 = Debug|Any CPU
		{236CDEFD-11A0-4DE2-8DF2-658185BD714F}.Release|Any CPU.ActiveCfg = Release|Any CPU
		{236CDEFD-11A0-4DE2-8DF2-658185BD714F}.Release|Any CPU.Build.0 = Release|Any CPU
		{99A8C902-0B63-4952-BEFF-AFF5811C4641}.Debug|Any CPU.ActiveCfg = Debug|Any CPU
		{99A8C902-0B63-4952-BEFF-AFF5811C4641}.Debug|Any CPU.Build.0 = Debug|Any CPU
		{99A8C902-0B63-4952-BEFF-AFF5811C4641}.Release|Any CPU.ActiveCfg = Release|Any CPU
		{99A8C902-0B63-4952-BEFF-AFF5811C4641}.Release|Any CPU.Build.0 = Release|Any CPU
	EndGlobalSection
	GlobalSection(SolutionProperties) = preSolution
		HideSolutionNode = FALSE
	EndGlobalSection
	GlobalSection(ExtensibilityGlobals) = postSolution
		SolutionGuid = {91396BAD-0180-4AE8-80A9-8303233C6E14}
	EndGlobalSection
EndGlobal
